
Microsoft Visual Studio Solution File, Format Version 12.00
# Visual Studio Version 16
VisualStudioVersion = 16.0.33927.289
MinimumVisualStudioVersion = 10.0.40219.1
Project("{2150E333-8FDC-42A3-9474-1A3956D46DE8}") = "Task0", "Task0", "{4E5C7B52-6331-429B-94D1-A0AA8E5C1626}"
EndProject
Project("{FAE04EC0-301F-11D3-BF4B-00C04F79EFBC}") = "Tyuiu.OdarenkoAR.Sprint4.Task0.V3", "Tyuiu.OdarenkoAR.Sprint4.Task0.V3\Tyuiu.OdarenkoAR.Sprint4.Task0.V3.csproj", "{09F48F4C-9ACC-44EC-91ED-6D1278A1280B}"
EndProject
Project("{FAE04EC0-301F-11D3-BF4B-00C04F79EFBC}") = "Tyuiu.OdarenkoAR.Sprint4.Task0.V3.Lib", "Tyuiu.OdarenkoAR.Sprint4.Task0.V3.Lib\Tyuiu.OdarenkoAR.Sprint4.Task0.V3.Lib.csproj", "{0151C580-E384-4CBE-B9AD-F04E8CDFEF2A}"
EndProject
Project("{FAE04EC0-301F-11D3-BF4B-00C04F79EFBC}") = "Tyuiu.OdarenkoAR.Sprint4.Task0.V3.Test", "Tyuiu.OdarenkoAR.Sprint4.Task0.V3.Test\Tyuiu.OdarenkoAR.Sprint4.Task0.V3.Test.csproj", "{0886BBFC-9023-4526-B4C7-E00A342F364F}"
EndProject
Project("{2150E333-8FDC-42A3-9474-1A3956D46DE8}") = "Task1", "Task1", "{CD4BB416-C770-4423-8D61-44A07B38F90E}"
EndProject
Project("{FAE04EC0-301F-11D3-BF4B-00C04F79EFBC}") = "Tyuiu.OdarenkoAR.Sprint4.Task1.V20", "Tyuiu.OdarenkoAR.Sprint4.Task1.V20\Tyuiu.OdarenkoAR.Sprint4.Task1.V20.csproj", "{39EA094E-2087-486B-91CC-9FB6006316FC}"
EndProject
Project("{FAE04EC0-301F-11D3-BF4B-00C04F79EFBC}") = "Tyuiu.OdarenkoAR.Sprint4.Task1.V20.Lib", "Tyuiu.OdarenkoAR.Sprint4.Task1.V20.Lib\Tyuiu.OdarenkoAR.Sprint4.Task1.V20.Lib.csproj", "{8A5030D2-4EE8-4DE8-871C-3A8604C2AA93}"
EndProject
Project("{FAE04EC0-301F-11D3-BF4B-00C04F79EFBC}") = "Tyuiu.OdarenkoAR.Sprint4.Task1.V20.Test", "Tyuiu.OdarenkoAR.Sprint4.Task1.V20.Test\Tyuiu.OdarenkoAR.Sprint4.Task1.V20.Test.csproj", "{EF19EC3F-D89F-4733-A4A2-A7D8C0E2871C}"
EndProject
Project("{2150E333-8FDC-42A3-9474-1A3956D46DE8}") = "Task2", "Task2", "{EB734E77-FFC0-4AE8-A56A-2F384DF6B041}"
EndProject
Project("{FAE04EC0-301F-11D3-BF4B-00C04F79EFBC}") = "Tyuiu.OdarenkoAR.Sprint4.Task2.V27", "Tyuiu.OdarenkoAR.Sprint4.Task2.V27\Tyuiu.OdarenkoAR.Sprint4.Task2.V27.csproj", "{93FD7BFA-B593-4FC4-A3FC-8B26CE8CA774}"
EndProject
Project("{FAE04EC0-301F-11D3-BF4B-00C04F79EFBC}") = "Tyuiu.OdarenkoAR.Sprint4.Task2.V27.Lib", "Tyuiu.OdarenkoAR.Sprint4.Task2.V27.Lib\Tyuiu.OdarenkoAR.Sprint4.Task2.V27.Lib.csproj", "{E74B561C-5FD1-40A3-BC45-AB01E68822A6}"
EndProject
Project("{FAE04EC0-301F-11D3-BF4B-00C04F79EFBC}") = "Tyuiu.OdarenkoAR.Sprint4.Task2.V27.Test", "Tyuiu.OdarenkoAR.Sprint4.Task2.V27.Test\Tyuiu.OdarenkoAR.Sprint4.Task2.V27.Test.csproj", "{44F11FD5-76F8-4756-9DDA-309E3E01558A}"
EndProject
Project("{2150E333-8FDC-42A3-9474-1A3956D46DE8}") = "Task3", "Task3", "{BF1D5B0B-3B53-4FD3-947C-4D5C95422FAF}"
EndProject
Project("{FAE04EC0-301F-11D3-BF4B-00C04F79EFBC}") = "Tyuiu.OdarenkoAR.Sprint4.Task3.V5", "Tyuiu.OdarenkoAR.Sprint4.Task3.V5\Tyuiu.OdarenkoAR.Sprint4.Task3.V5.csproj", "{8B1F8A82-E344-482B-BEA1-5C701FA1003F}"
EndProject
Project("{FAE04EC0-301F-11D3-BF4B-00C04F79EFBC}") = "Tyuiu.OdarenkoAR.Sprint4.Task3.V5.Lib", "Tyuiu.OdarenkoAR.Sprint4.Task3.V5.Lib\Tyuiu.OdarenkoAR.Sprint4.Task3.V5.Lib.csproj", "{67D02428-CD3E-42B4-B586-D4F5E08698E0}"
EndProject
Project("{FAE04EC0-301F-11D3-BF4B-00C04F79EFBC}") = "Tyuiu.OdarenkoAR.Sprint4.Task3.V5.Test", "Tyuiu.OdarenkoAR.Sprint4.Task3.V5.Test\Tyuiu.OdarenkoAR.Sprint4.Task3.V5.Test.csproj", "{1B12C90C-0B9F-445D-B8E5-AE9EEDC18FFC}"
EndProject
Project("{2150E333-8FDC-42A3-9474-1A3956D46DE8}") = "Task4", "Task4", "{184EE078-705C-49A9-8747-6E7BEAAFEAE5}"
EndProject
Project("{FAE04EC0-301F-11D3-BF4B-00C04F79EFBC}") = "Tyuiu.OdarenkoAR.Sprint4.Task4.V27", "Tyuiu.OdarenkoAR.Sprint4.Task4.V27\Tyuiu.OdarenkoAR.Sprint4.Task4.V27.csproj", "{7013321B-3685-4F5A-A556-61F623CC121C}"
EndProject
Project("{FAE04EC0-301F-11D3-BF4B-00C04F79EFBC}") = "Tyuiu.OdarenkoAR.Sprint4.Task4.V27.Lib", "Tyuiu.OdarenkoAR.Sprint4.Task4.V27.Lib\Tyuiu.OdarenkoAR.Sprint4.Task4.V27.Lib.csproj", "{B06B8873-C6BC-4634-A91D-B609A70A4C60}"
EndProject
Project("{FAE04EC0-301F-11D3-BF4B-00C04F79EFBC}") = "Tyuiu.OdarenkoAR.Sprint4.Task4.V27.Test", "Tyuiu.OdarenkoAR.Sprint4.Task4.V27.Test\Tyuiu.OdarenkoAR.Sprint4.Task4.V27.Test.csproj", "{A095F71B-F6AB-4CA7-A6E5-C013C323C8CC}"
EndProject
Project("{2150E333-8FDC-42A3-9474-1A3956D46DE8}") = "Task5", "Task5", "{0A18E831-B55F-45F4-8D22-E8DEB42F2703}"
EndProject
Project("{FAE04EC0-301F-11D3-BF4B-00C04F79EFBC}") = "Tyuiu.OdarenkoAR.Sprint4.Task5.V21", "Tyuiu.OdarenkoAR.Sprint4.Task5.V21\Tyuiu.OdarenkoAR.Sprint4.Task5.V21.csproj", "{58EEE6B4-572F-4F9C-B72D-3D98DB5A1FE0}"
EndProject
Project("{FAE04EC0-301F-11D3-BF4B-00C04F79EFBC}") = "Tyuiu.OdarenkoAR.Sprint4.Task5.V21.Lib", "Tyuiu.OdarenkoAR.Sprint4.Task5.V21.Lib\Tyuiu.OdarenkoAR.Sprint4.Task5.V21.Lib.csproj", "{27B5E184-7B0E-4DF9-B4D1-9EF8DC82ADB1}"
EndProject
Project("{FAE04EC0-301F-11D3-BF4B-00C04F79EFBC}") = "Tyuiu.OdarenkoAR.Sprint4.Task5.V21.Test", "Tyuiu.OdarenkoAR.Sprint4.Task5.V21.Test\Tyuiu.OdarenkoAR.Sprint4.Task5.V21.Test.csproj", "{1161E2DA-98A6-499E-A438-3237AFDDEC36}"
EndProject
Project("{2150E333-8FDC-42A3-9474-1A3956D46DE8}") = "Task6", "Task6", "{186E5387-31D6-4280-A853-46C8BAD10077}"
EndProject
Project("{FAE04EC0-301F-11D3-BF4B-00C04F79EFBC}") = "Tyuiu.OdarenkoAR.Sprint4.Task6.V14", "Tyuiu.OdarenkoAR.Sprint4.Task6.V14\Tyuiu.OdarenkoAR.Sprint4.Task6.V14.csproj", "{0ED1CA3F-5875-433D-859F-2EF32BBC7B25}"
EndProject
Project("{FAE04EC0-301F-11D3-BF4B-00C04F79EFBC}") = "Tyuiu.OdarenkoAR.Sprint4.Task6.V14.Lib", "Tyuiu.OdarenkoAR.Sprint4.Task6.V14.Lib\Tyuiu.OdarenkoAR.Sprint4.Task6.V14.Lib.csproj", "{CFA6D1D0-A10E-4645-B033-916304BEE698}"
EndProject
Project("{FAE04EC0-301F-11D3-BF4B-00C04F79EFBC}") = "Tyuiu.OdarenkoAR.Sprint4.Task6.V14.Test", "Tyuiu.OdarenkoAR.Sprint4.Task6.V14.Test\Tyuiu.OdarenkoAR.Sprint4.Task6.V14.Test.csproj", "{49040BAD-C8A7-4E48-89B3-14E1BDA2A921}"
EndProject
Project("{2150E333-8FDC-42A3-9474-1A3956D46DE8}") = "Task7", "Task7", "{327517B1-4003-457A-B4C9-9B4430EF50C6}"
EndProject
Project("{FAE04EC0-301F-11D3-BF4B-00C04F79EFBC}") = "Tyuiu.OdarenkoAR.Sprint4.Task7.V10", "Tyuiu.OdarenkoAR.Sprint4.Task7.V10\Tyuiu.OdarenkoAR.Sprint4.Task7.V10.csproj", "{1473110B-5E27-4107-A0BE-64F615452405}"
EndProject
Project("{FAE04EC0-301F-11D3-BF4B-00C04F79EFBC}") = "Tyuiu.OdarenkoAR.Sprint4.Task7.V10.Lib", "Tyuiu.OdarenkoAR.Sprint4.Task7.V10.Lib\Tyuiu.OdarenkoAR.Sprint4.Task7.V10.Lib.csproj", "{97B89C5F-F28B-42FF-8809-D97F241A9326}"
EndProject
Project("{FAE04EC0-301F-11D3-BF4B-00C04F79EFBC}") = "Tyuiu.OdarenkoAR.Sprint4.Task7.V10.Test", "Tyuiu.OdarenkoAR.Sprint4.Task7.V10.Test\Tyuiu.OdarenkoAR.Sprint4.Task7.V10.Test.csproj", "{7D800EFC-722F-4924-9466-53E5DF81462F}"
EndProject
Global
	GlobalSection(SolutionConfigurationPlatforms) = preSolution
		Debug|Any CPU = Debug|Any CPU
		Release|Any CPU = Release|Any CPU
	EndGlobalSection
	GlobalSection(ProjectConfigurationPlatforms) = postSolution
		{09F48F4C-9ACC-44EC-91ED-6D1278A1280B}.Debug|Any CPU.ActiveCfg = Debug|Any CPU
		{09F48F4C-9ACC-44EC-91ED-6D1278A1280B}.Debug|Any CPU.Build.0 = Debug|Any CPU
		{09F48F4C-9ACC-44EC-91ED-6D1278A1280B}.Release|Any CPU.ActiveCfg = Release|Any CPU
		{09F48F4C-9ACC-44EC-91ED-6D1278A1280B}.Release|Any CPU.Build.0 = Release|Any CPU
		{0151C580-E384-4CBE-B9AD-F04E8CDFEF2A}.Debug|Any CPU.ActiveCfg = Debug|Any CPU
		{0151C580-E384-4CBE-B9AD-F04E8CDFEF2A}.Debug|Any CPU.Build.0 = Debug|Any CPU
		{0151C580-E384-4CBE-B9AD-F04E8CDFEF2A}.Release|Any CPU.ActiveCfg = Release|Any CPU
		{0151C580-E384-4CBE-B9AD-F04E8CDFEF2A}.Release|Any CPU.Build.0 = Release|Any CPU
		{0886BBFC-9023-4526-B4C7-E00A342F364F}.Debug|Any CPU.ActiveCfg = Debug|Any CPU
		{0886BBFC-9023-4526-B4C7-E00A342F364F}.Debug|Any CPU.Build.0 = Debug|Any CPU
		{0886BBFC-9023-4526-B4C7-E00A342F364F}.Release|Any CPU.ActiveCfg = Release|Any CPU
		{0886BBFC-9023-4526-B4C7-E00A342F364F}.Release|Any CPU.Build.0 = Release|Any CPU
		{39EA094E-2087-486B-91CC-9FB6006316FC}.Debug|Any CPU.ActiveCfg = Debug|Any CPU
		{39EA094E-2087-486B-91CC-9FB6006316FC}.Debug|Any CPU.Build.0 = Debug|Any CPU
		{39EA094E-2087-486B-91CC-9FB6006316FC}.Release|Any CPU.ActiveCfg = Release|Any CPU
		{39EA094E-2087-486B-91CC-9FB6006316FC}.Release|Any CPU.Build.0 = Release|Any CPU
		{8A5030D2-4EE8-4DE8-871C-3A8604C2AA93}.Debug|Any CPU.ActiveCfg = Debug|Any CPU
		{8A5030D2-4EE8-4DE8-871C-3A8604C2AA93}.Debug|Any CPU.Build.0 = Debug|Any CPU
		{8A5030D2-4EE8-4DE8-871C-3A8604C2AA93}.Release|Any CPU.ActiveCfg = Release|Any CPU
		{8A5030D2-4EE8-4DE8-871C-3A8604C2AA93}.Release|Any CPU.Build.0 = Release|Any CPU
		{EF19EC3F-D89F-4733-A4A2-A7D8C0E2871C}.Debug|Any CPU.ActiveCfg = Debug|Any CPU
		{EF19EC3F-D89F-4733-A4A2-A7D8C0E2871C}.Debug|Any CPU.Build.0 = Debug|Any CPU
		{EF19EC3F-D89F-4733-A4A2-A7D8C0E2871C}.Release|Any CPU.ActiveCfg = Release|Any CPU
		{EF19EC3F-D89F-4733-A4A2-A7D8C0E2871C}.Release|Any CPU.Build.0 = Release|Any CPU
		{93FD7BFA-B593-4FC4-A3FC-8B26CE8CA774}.Debug|Any CPU.ActiveCfg = Debug|Any CPU
		{93FD7BFA-B593-4FC4-A3FC-8B26CE8CA774}.Debug|Any CPU.Build.0 = Debug|Any CPU
		{93FD7BFA-B593-4FC4-A3FC-8B26CE8CA774}.Release|Any CPU.ActiveCfg = Release|Any CPU
		{93FD7BFA-B593-4FC4-A3FC-8B26CE8CA774}.Release|Any CPU.Build.0 = Release|Any CPU
		{E74B561C-5FD1-40A3-BC45-AB01E68822A6}.Debug|Any CPU.ActiveCfg = Debug|Any CPU
		{E74B561C-5FD1-40A3-BC45-AB01E68822A6}.Debug|Any CPU.Build.0 = Debug|Any CPU
		{E74B561C-5FD1-40A3-BC45-AB01E68822A6}.Release|Any CPU.ActiveCfg = Release|Any CPU
		{E74B561C-5FD1-40A3-BC45-AB01E68822A6}.Release|Any CPU.Build.0 = Release|Any CPU
		{44F11FD5-76F8-4756-9DDA-309E3E01558A}.Debug|Any CPU.ActiveCfg = Debug|Any CPU
		{44F11FD5-76F8-4756-9DDA-309E3E01558A}.Debug|Any CPU.Build.0 = Debug|Any CPU
		{44F11FD5-76F8-4756-9DDA-309E3E01558A}.Release|Any CPU.ActiveCfg = Release|Any CPU
		{44F11FD5-76F8-4756-9DDA-309E3E01558A}.Release|Any CPU.Build.0 = Release|Any CPU
		{8B1F8A82-E344-482B-BEA1-5C701FA1003F}.Debug|Any CPU.ActiveCfg = Debug|Any CPU
		{8B1F8A82-E344-482B-BEA1-5C701FA1003F}.Debug|Any CPU.Build.0 = Debug|Any CPU
		{8B1F8A82-E344-482B-BEA1-5C701FA1003F}.Release|Any CPU.ActiveCfg = Release|Any CPU
		{8B1F8A82-E344-482B-BEA1-5C701FA1003F}.Release|Any CPU.Build.0 = Release|Any CPU
		{67D02428-CD3E-42B4-B586-D4F5E08698E0}.Debug|Any CPU.ActiveCfg = Debug|Any CPU
		{67D02428-CD3E-42B4-B586-D4F5E08698E0}.Debug|Any CPU.Build.0 = Debug|Any CPU
		{67D02428-CD3E-42B4-B586-D4F5E08698E0}.Release|Any CPU.ActiveCfg = Release|Any CPU
		{67D02428-CD3E-42B4-B586-D4F5E08698E0}.Release|Any CPU.Build.0 = Release|Any CPU
		{1B12C90C-0B9F-445D-B8E5-AE9EEDC18FFC}.Debug|Any CPU.ActiveCfg = Debug|Any CPU
		{1B12C90C-0B9F-445D-B8E5-AE9EEDC18FFC}.Debug|Any CPU.Build.0 = Debug|Any CPU
		{1B12C90C-0B9F-445D-B8E5-AE9EEDC18FFC}.Release|Any CPU.ActiveCfg = Release|Any CPU
		{1B12C90C-0B9F-445D-B8E5-AE9EEDC18FFC}.Release|Any CPU.Build.0 = Release|Any CPU
		{7013321B-3685-4F5A-A556-61F623CC121C}.Debug|Any CPU.ActiveCfg = Debug|Any CPU
		{7013321B-3685-4F5A-A556-61F623CC121C}.Debug|Any CPU.Build.0 = Debug|Any CPU
		{7013321B-3685-4F5A-A556-61F623CC121C}.Release|Any CPU.ActiveCfg = Release|Any CPU
		{7013321B-3685-4F5A-A556-61F623CC121C}.Release|Any CPU.Build.0 = Release|Any CPU
		{B06B8873-C6BC-4634-A91D-B609A70A4C60}.Debug|Any CPU.ActiveCfg = Debug|Any CPU
		{B06B8873-C6BC-4634-A91D-B609A70A4C60}.Debug|Any CPU.Build.0 = Debug|Any CPU
		{B06B8873-C6BC-4634-A91D-B609A70A4C60}.Release|Any CPU.ActiveCfg = Release|Any CPU
		{B06B8873-C6BC-4634-A91D-B609A70A4C60}.Release|Any CPU.Build.0 = Release|Any CPU
		{A095F71B-F6AB-4CA7-A6E5-C013C323C8CC}.Debug|Any CPU.ActiveCfg = Debug|Any CPU
		{A095F71B-F6AB-4CA7-A6E5-C013C323C8CC}.Debug|Any CPU.Build.0 = Debug|Any CPU
		{A095F71B-F6AB-4CA7-A6E5-C013C323C8CC}.Release|Any CPU.ActiveCfg = Release|Any CPU
		{A095F71B-F6AB-4CA7-A6E5-C013C323C8CC}.Release|Any CPU.Build.0 = Release|Any CPU
		{58EEE6B4-572F-4F9C-B72D-3D98DB5A1FE0}.Debug|Any CPU.ActiveCfg = Debug|Any CPU
		{58EEE6B4-572F-4F9C-B72D-3D98DB5A1FE0}.Debug|Any CPU.Build.0 = Debug|Any CPU
		{58EEE6B4-572F-4F9C-B72D-3D98DB5A1FE0}.Release|Any CPU.ActiveCfg = Release|Any CPU
		{58EEE6B4-572F-4F9C-B72D-3D98DB5A1FE0}.Release|Any CPU.Build.0 = Release|Any CPU
		{27B5E184-7B0E-4DF9-B4D1-9EF8DC82ADB1}.Debug|Any CPU.ActiveCfg = Debug|Any CPU
		{27B5E184-7B0E-4DF9-B4D1-9EF8DC82ADB1}.Debug|Any CPU.Build.0 = Debug|Any CPU
		{27B5E184-7B0E-4DF9-B4D1-9EF8DC82ADB1}.Release|Any CPU.ActiveCfg = Release|Any CPU
		{27B5E184-7B0E-4DF9-B4D1-9EF8DC82ADB1}.Release|Any CPU.Build.0 = Release|Any CPU
		{1161E2DA-98A6-499E-A438-3237AFDDEC36}.Debug|Any CPU.ActiveCfg = Debug|Any CPU
		{1161E2DA-98A6-499E-A438-3237AFDDEC36}.Debug|Any CPU.Build.0 = Debug|Any CPU
		{1161E2DA-98A6-499E-A438-3237AFDDEC36}.Release|Any CPU.ActiveCfg = Release|Any CPU
		{1161E2DA-98A6-499E-A438-3237AFDDEC36}.Release|Any CPU.Build.0 = Release|Any CPU
		{0ED1CA3F-5875-433D-859F-2EF32BBC7B25}.Debug|Any CPU.ActiveCfg = Debug|Any CPU
		{0ED1CA3F-5875-433D-859F-2EF32BBC7B25}.Debug|Any CPU.Build.0 = Debug|Any CPU
		{0ED1CA3F-5875-433D-859F-2EF32BBC7B25}.Release|Any CPU.ActiveCfg = Release|Any CPU
		{0ED1CA3F-5875-433D-859F-2EF32BBC7B25}.Release|Any CPU.Build.0 = Release|Any CPU
		{CFA6D1D0-A10E-4645-B033-916304BEE698}.Debug|Any CPU.ActiveCfg = Debug|Any CPU
		{CFA6D1D0-A10E-4645-B033-916304BEE698}.Debug|Any CPU.Build.0 = Debug|Any CPU
		{CFA6D1D0-A10E-4645-B033-916304BEE698}.Release|Any CPU.ActiveCfg = Release|Any CPU
		{CFA6D1D0-A10E-4645-B033-916304BEE698}.Release|Any CPU.Build.0 = Release|Any CPU
		{49040BAD-C8A7-4E48-89B3-14E1BDA2A921}.Debug|Any CPU.ActiveCfg = Debug|Any CPU
		{49040BAD-C8A7-4E48-89B3-14E1BDA2A921}.Debug|Any CPU.Build.0 = Debug|Any CPU
		{49040BAD-C8A7-4E48-89B3-14E1BDA2A921}.Release|Any CPU.ActiveCfg = Release|Any CPU
		{49040BAD-C8A7-4E48-89B3-14E1BDA2A921}.Release|Any CPU.Build.0 = Release|Any CPU
		{1473110B-5E27-4107-A0BE-64F615452405}.Debug|Any CPU.ActiveCfg = Debug|Any CPU
		{1473110B-5E27-4107-A0BE-64F615452405}.Debug|Any CPU.Build.0 = Debug|Any CPU
		{1473110B-5E27-4107-A0BE-64F615452405}.Release|Any CPU.ActiveCfg = Release|Any CPU
		{1473110B-5E27-4107-A0BE-64F615452405}.Release|Any CPU.Build.0 = Release|Any CPU
		{97B89C5F-F28B-42FF-8809-D97F241A9326}.Debug|Any CPU.ActiveCfg = Debug|Any CPU
		{97B89C5F-F28B-42FF-8809-D97F241A9326}.Debug|Any CPU.Build.0 = Debug|Any CPU
		{97B89C5F-F28B-42FF-8809-D97F241A9326}.Release|Any CPU.ActiveCfg = Release|Any CPU
		{97B89C5F-F28B-42FF-8809-D97F241A9326}.Release|Any CPU.Build.0 = Release|Any CPU
		{7D800EFC-722F-4924-9466-53E5DF81462F}.Debug|Any CPU.ActiveCfg = Debug|Any CPU
		{7D800EFC-722F-4924-9466-53E5DF81462F}.Debug|Any CPU.Build.0 = Debug|Any CPU
		{7D800EFC-722F-4924-9466-53E5DF81462F}.Release|Any CPU.ActiveCfg = Release|Any CPU
		{7D800EFC-722F-4924-9466-53E5DF81462F}.Release|Any CPU.Build.0 = Release|Any CPU
	EndGlobalSection
	GlobalSection(SolutionProperties) = preSolution
		HideSolutionNode = FALSE
	EndGlobalSection
	GlobalSection(NestedProjects) = preSolution
		{09F48F4C-9ACC-44EC-91ED-6D1278A1280B} = {4E5C7B52-6331-429B-94D1-A0AA8E5C1626}
		{0151C580-E384-4CBE-B9AD-F04E8CDFEF2A} = {4E5C7B52-6331-429B-94D1-A0AA8E5C1626}
		{0886BBFC-9023-4526-B4C7-E00A342F364F} = {4E5C7B52-6331-429B-94D1-A0AA8E5C1626}
		{39EA094E-2087-486B-91CC-9FB6006316FC} = {CD4BB416-C770-4423-8D61-44A07B38F90E}
		{8A5030D2-4EE8-4DE8-871C-3A8604C2AA93} = {CD4BB416-C770-4423-8D61-44A07B38F90E}
		{EF19EC3F-D89F-4733-A4A2-A7D8C0E2871C} = {CD4BB416-C770-4423-8D61-44A07B38F90E}
		{93FD7BFA-B593-4FC4-A3FC-8B26CE8CA774} = {EB734E77-FFC0-4AE8-A56A-2F384DF6B041}
		{E74B561C-5FD1-40A3-BC45-AB01E68822A6} = {EB734E77-FFC0-4AE8-A56A-2F384DF6B041}
		{44F11FD5-76F8-4756-9DDA-309E3E01558A} = {EB734E77-FFC0-4AE8-A56A-2F384DF6B041}
		{8B1F8A82-E344-482B-BEA1-5C701FA1003F} = {BF1D5B0B-3B53-4FD3-947C-4D5C95422FAF}
		{67D02428-CD3E-42B4-B586-D4F5E08698E0} = {BF1D5B0B-3B53-4FD3-947C-4D5C95422FAF}
		{1B12C90C-0B9F-445D-B8E5-AE9EEDC18FFC} = {BF1D5B0B-3B53-4FD3-947C-4D5C95422FAF}
		{7013321B-3685-4F5A-A556-61F623CC121C} = {184EE078-705C-49A9-8747-6E7BEAAFEAE5}
		{B06B8873-C6BC-4634-A91D-B609A70A4C60} = {184EE078-705C-49A9-8747-6E7BEAAFEAE5}
		{A095F71B-F6AB-4CA7-A6E5-C013C323C8CC} = {184EE078-705C-49A9-8747-6E7BEAAFEAE5}
		{58EEE6B4-572F-4F9C-B72D-3D98DB5A1FE0} = {0A18E831-B55F-45F4-8D22-E8DEB42F2703}
		{27B5E184-7B0E-4DF9-B4D1-9EF8DC82ADB1} = {0A18E831-B55F-45F4-8D22-E8DEB42F2703}
		{1161E2DA-98A6-499E-A438-3237AFDDEC36} = {0A18E831-B55F-45F4-8D22-E8DEB42F2703}
		{0ED1CA3F-5875-433D-859F-2EF32BBC7B25} = {186E5387-31D6-4280-A853-46C8BAD10077}
		{CFA6D1D0-A10E-4645-B033-916304BEE698} = {186E5387-31D6-4280-A853-46C8BAD10077}
		{49040BAD-C8A7-4E48-89B3-14E1BDA2A921} = {186E5387-31D6-4280-A853-46C8BAD10077}
		{1473110B-5E27-4107-A0BE-64F615452405} = {327517B1-4003-457A-B4C9-9B4430EF50C6}
		{97B89C5F-F28B-42FF-8809-D97F241A9326} = {327517B1-4003-457A-B4C9-9B4430EF50C6}
		{7D800EFC-722F-4924-9466-53E5DF81462F} = {327517B1-4003-457A-B4C9-9B4430EF50C6}
	EndGlobalSection
	GlobalSection(ExtensibilityGlobals) = postSolution
		SolutionGuid = {D844FA0E-0B2C-49D1-A839-C09163CC9A56}
	EndGlobalSection
EndGlobal
